
Microsoft Visual Studio Solution File, Format Version 12.00
# Visual Studio 15
VisualStudioVersion = 15.0.28307.489
MinimumVisualStudioVersion = 10.0.40219.1
Project("{FAE04EC0-301F-11D3-BF4B-00C04F79EFBC}") = "YenneyStrengthSystems3.0", "YenneyStrengthSystems3.0\YenneyStrengthSystems3.0.csproj", "{E781A3CB-E698-4DC7-9F1D-14C8CE4A104F}"
EndProject
Global
	GlobalSection(SolutionConfigurationPlatforms) = preSolution
		Debug|Any CPU = Debug|Any CPU
		Release|Any CPU = Release|Any CPU
	EndGlobalSection
	GlobalSection(ProjectConfigurationPlatforms) = postSolution
		{E781A3CB-E698-4DC7-9F1D-14C8CE4A104F}.Debug|Any CPU.ActiveCfg = Debug|Any CPU
		{E781A3CB-E698-4DC7-9F1D-14C8CE4A104F}.Debug|Any CPU.Build.0 = Debug|Any CPU
		{E781A3CB-E698-4DC7-9F1D-14C8CE4A104F}.Release|Any CPU.ActiveCfg = Release|Any CPU
		{E781A3CB-E698-4DC7-9F1D-14C8CE4A104F}.Release|Any CPU.Build.0 = Release|Any CPU
	EndGlobalSection
	GlobalSection(SolutionProperties) = preSolution
		HideSolutionNode = FALSE
	EndGlobalSection
	GlobalSection(ExtensibilityGlobals) = postSolution
		SolutionGuid = {8921337B-6A47-4CB5-8DCC-F1A341C61EBC}
	EndGlobalSection
EndGlobal
