
Microsoft Visual Studio Solution File, Format Version 12.00
# Visual Studio Version 16
VisualStudioVersion = 16.0.30204.135
MinimumVisualStudioVersion = 10.0.40219.1
Project("{FAE04EC0-301F-11D3-BF4B-00C04F79EFBC}") = "palindromeCheck2.0", "palindromeCheck2.0\palindromeCheck2.0.csproj", "{F2938082-8146-4EEF-A662-60DF8E743BF5}"
EndProject
Global
	GlobalSection(SolutionConfigurationPlatforms) = preSolution
		Debug|Any CPU = Debug|Any CPU
		Release|Any CPU = Release|Any CPU
	EndGlobalSection
	GlobalSection(ProjectConfigurationPlatforms) = postSolution
		{F2938082-8146-4EEF-A662-60DF8E743BF5}.Debug|Any CPU.ActiveCfg = Debug|Any CPU
		{F2938082-8146-4EEF-A662-60DF8E743BF5}.Debug|Any CPU.Build.0 = Debug|Any CPU
		{F2938082-8146-4EEF-A662-60DF8E743BF5}.Release|Any CPU.ActiveCfg = Release|Any CPU
		{F2938082-8146-4EEF-A662-60DF8E743BF5}.Release|Any CPU.Build.0 = Release|Any CPU
	EndGlobalSection
	GlobalSection(SolutionProperties) = preSolution
		HideSolutionNode = FALSE
	EndGlobalSection
	GlobalSection(ExtensibilityGlobals) = postSolution
		SolutionGuid = {C232C8EB-7960-4857-9CEB-A8286432B6A9}
	EndGlobalSection
EndGlobal
