
Microsoft Visual Studio Solution File, Format Version 12.00
# Visual Studio Version 16
VisualStudioVersion = 16.0.30204.135
MinimumVisualStudioVersion = 10.0.40219.1
Project("{FAE04EC0-301F-11D3-BF4B-00C04F79EFBC}") = "interviewQuestion", "interviewQuestion\interviewQuestion.csproj", "{A82DB9AA-9E3F-4F93-91E1-5A6B744A8339}"
EndProject
Global
	GlobalSection(SolutionConfigurationPlatforms) = preSolution
		Debug|Any CPU = Debug|Any CPU
		Release|Any CPU = Release|Any CPU
	EndGlobalSection
	GlobalSection(ProjectConfigurationPlatforms) = postSolution
		{A82DB9AA-9E3F-4F93-91E1-5A6B744A8339}.Debug|Any CPU.ActiveCfg = Debug|Any CPU
		{A82DB9AA-9E3F-4F93-91E1-5A6B744A8339}.Debug|Any CPU.Build.0 = Debug|Any CPU
		{A82DB9AA-9E3F-4F93-91E1-5A6B744A8339}.Release|Any CPU.ActiveCfg = Release|Any CPU
		{A82DB9AA-9E3F-4F93-91E1-5A6B744A8339}.Release|Any CPU.Build.0 = Release|Any CPU
	EndGlobalSection
	GlobalSection(SolutionProperties) = preSolution
		HideSolutionNode = FALSE
	EndGlobalSection
	GlobalSection(ExtensibilityGlobals) = postSolution
		SolutionGuid = {BF569A5E-63D5-4618-A99D-38CE1C1383E4}
	EndGlobalSection
EndGlobal
